// !$*UTF8*$!
{
	archiveVersion = 1;
	classes = {
	};
	objectVersion = 56;
	objects = {

/* Begin PBXBuildFile section */
		6A450BC42B3998CE00539568 /* WeatherViewController.swift in Sources */ = {isa = PBXBuildFile; fileRef = 6A450BC32B3998CE00539568 /* WeatherViewController.swift */; };
		6A450BC92B39A73700539568 /* WeatherView.swift in Sources */ = {isa = PBXBuildFile; fileRef = 6A450BC82B39A73700539568 /* WeatherView.swift */; };
		6A450BCB2B39A75900539568 /* WeatherView.xib in Resources */ = {isa = PBXBuildFile; fileRef = 6A450BCA2B39A75900539568 /* WeatherView.xib */; };
		6A95E1A82B2A0B6200471721 /* AppDelegate.swift in Sources */ = {isa = PBXBuildFile; fileRef = 6A95E1A72B2A0B6200471721 /* AppDelegate.swift */; };
		6A95E1AA2B2A0B6200471721 /* SceneDelegate.swift in Sources */ = {isa = PBXBuildFile; fileRef = 6A95E1A92B2A0B6200471721 /* SceneDelegate.swift */; };
		6A95E1AC2B2A0B6200471721 /* ViewController.swift in Sources */ = {isa = PBXBuildFile; fileRef = 6A95E1AB2B2A0B6200471721 /* ViewController.swift */; };
		6A95E1AF2B2A0B6200471721 /* Main.storyboard in Resources */ = {isa = PBXBuildFile; fileRef = 6A95E1AD2B2A0B6200471721 /* Main.storyboard */; };
		6A95E1B12B2A0B6400471721 /* Assets.xcassets in Resources */ = {isa = PBXBuildFile; fileRef = 6A95E1B02B2A0B6400471721 /* Assets.xcassets */; };
		6A95E1B42B2A0B6400471721 /* LaunchScreen.storyboard in Resources */ = {isa = PBXBuildFile; fileRef = 6A95E1B22B2A0B6400471721 /* LaunchScreen.storyboard */; };
		6A95E1BD2B2A146100471721 /* CurrentWeather.swift in Sources */ = {isa = PBXBuildFile; fileRef = 6A95E1BC2B2A146100471721 /* CurrentWeather.swift */; };
		6A95E1C02B2A156400471721 /* SwiftyJSON in Frameworks */ = {isa = PBXBuildFile; productRef = 6A95E1BF2B2A156400471721 /* SwiftyJSON */; };
		6A95E1C32B2A15B700471721 /* Alamofire in Frameworks */ = {isa = PBXBuildFile; productRef = 6A95E1C22B2A15B700471721 /* Alamofire */; };
		6AF5EDD12B31CE7000D23E14 /* WeatherData.swift in Sources */ = {isa = PBXBuildFile; fileRef = 6AF5EDD02B31CE7000D23E14 /* WeatherData.swift */; };
/* End PBXBuildFile section */

/* Begin PBXFileReference section */
		6A450BC32B3998CE00539568 /* WeatherViewController.swift */ = {isa = PBXFileReference; lastKnownFileType = sourcecode.swift; path = WeatherViewController.swift; sourceTree = "<group>"; };
		6A450BC82B39A73700539568 /* WeatherView.swift */ = {isa = PBXFileReference; lastKnownFileType = sourcecode.swift; path = WeatherView.swift; sourceTree = "<group>"; };
		6A450BCA2B39A75900539568 /* WeatherView.xib */ = {isa = PBXFileReference; lastKnownFileType = file.xib; path = WeatherView.xib; sourceTree = "<group>"; };
		6A95E1A42B2A0B6200471721 /* UIKitWeatherApp.app */ = {isa = PBXFileReference; explicitFileType = wrapper.application; includeInIndex = 0; path = UIKitWeatherApp.app; sourceTree = BUILT_PRODUCTS_DIR; };
		6A95E1A72B2A0B6200471721 /* AppDelegate.swift */ = {isa = PBXFileReference; lastKnownFileType = sourcecode.swift; path = AppDelegate.swift; sourceTree = "<group>"; };
		6A95E1A92B2A0B6200471721 /* SceneDelegate.swift */ = {isa = PBXFileReference; lastKnownFileType = sourcecode.swift; path = SceneDelegate.swift; sourceTree = "<group>"; };
		6A95E1AB2B2A0B6200471721 /* ViewController.swift */ = {isa = PBXFileReference; lastKnownFileType = sourcecode.swift; path = ViewController.swift; sourceTree = "<group>"; };
		6A95E1AE2B2A0B6200471721 /* Base */ = {isa = PBXFileReference; lastKnownFileType = file.storyboard; name = Base; path = Base.lproj/Main.storyboard; sourceTree = "<group>"; };
		6A95E1B02B2A0B6400471721 /* Assets.xcassets */ = {isa = PBXFileReference; lastKnownFileType = folder.assetcatalog; path = Assets.xcassets; sourceTree = "<group>"; };
		6A95E1B32B2A0B6400471721 /* Base */ = {isa = PBXFileReference; lastKnownFileType = file.storyboard; name = Base; path = Base.lproj/LaunchScreen.storyboard; sourceTree = "<group>"; };
		6A95E1B52B2A0B6400471721 /* Info.plist */ = {isa = PBXFileReference; lastKnownFileType = text.plist.xml; path = Info.plist; sourceTree = "<group>"; };
		6A95E1BC2B2A146100471721 /* CurrentWeather.swift */ = {isa = PBXFileReference; lastKnownFileType = sourcecode.swift; path = CurrentWeather.swift; sourceTree = "<group>"; };
		6AF5EDD02B31CE7000D23E14 /* WeatherData.swift */ = {isa = PBXFileReference; lastKnownFileType = sourcecode.swift; path = WeatherData.swift; sourceTree = "<group>"; };
/* End PBXFileReference section */

/* Begin PBXFrameworksBuildPhase section */
		6A95E1A12B2A0B6200471721 /* Frameworks */ = {
			isa = PBXFrameworksBuildPhase;
			buildActionMask = 2147483647;
			files = (
				6A95E1C02B2A156400471721 /* SwiftyJSON in Frameworks */,
				6A95E1C32B2A15B700471721 /* Alamofire in Frameworks */,
			);
			runOnlyForDeploymentPostprocessing = 0;
		};
/* End PBXFrameworksBuildPhase section */

/* Begin PBXGroup section */
		6A450BC22B3998BA00539568 /* ViewControllers */ = {
			isa = PBXGroup;
			children = (
				6A450BC32B3998CE00539568 /* WeatherViewController.swift */,
			);
			path = ViewControllers;
			sourceTree = "<group>";
		};
		6A450BC52B39A6B600539568 /* Views */ = {
			isa = PBXGroup;
			children = (
				6A450BC82B39A73700539568 /* WeatherView.swift */,
				6A450BCA2B39A75900539568 /* WeatherView.xib */,
			);
			path = Views;
			sourceTree = "<group>";
		};
		6A95E19B2B2A0B6200471721 = {
			isa = PBXGroup;
			children = (
				6A95E1A62B2A0B6200471721 /* UIKitWeatherApp */,
				6A95E1A52B2A0B6200471721 /* Products */,
			);
			sourceTree = "<group>";
		};
		6A95E1A52B2A0B6200471721 /* Products */ = {
			isa = PBXGroup;
			children = (
				6A95E1A42B2A0B6200471721 /* UIKitWeatherApp.app */,
			);
			name = Products;
			sourceTree = "<group>";
		};
		6A95E1A62B2A0B6200471721 /* UIKitWeatherApp */ = {
			isa = PBXGroup;
			children = (
				6A450BC52B39A6B600539568 /* Views */,
				6A450BC22B3998BA00539568 /* ViewControllers */,
				6AF5EDD22B31CEC400D23E14 /* NetworkManager */,
				6A95E1BB2B2A144400471721 /* Models */,
				6A95E1A72B2A0B6200471721 /* AppDelegate.swift */,
				6A95E1A92B2A0B6200471721 /* SceneDelegate.swift */,
				6A95E1AB2B2A0B6200471721 /* ViewController.swift */,
				6A95E1AD2B2A0B6200471721 /* Main.storyboard */,
				6A95E1B02B2A0B6400471721 /* Assets.xcassets */,
				6A95E1B22B2A0B6400471721 /* LaunchScreen.storyboard */,
				6A95E1B52B2A0B6400471721 /* Info.plist */,
			);
			path = UIKitWeatherApp;
			sourceTree = "<group>";
		};
		6A95E1BB2B2A144400471721 /* Models */ = {
			isa = PBXGroup;
			children = (
				6AF5EDD02B31CE7000D23E14 /* WeatherData.swift */,
			);
			path = Models;
			sourceTree = "<group>";
		};
		6AF5EDD22B31CEC400D23E14 /* NetworkManager */ = {
			isa = PBXGroup;
			children = (
				6A95E1BC2B2A146100471721 /* CurrentWeather.swift */,
			);
			path = NetworkManager;
			sourceTree = "<group>";
		};
/* End PBXGroup section */

/* Begin PBXNativeTarget section */
		6A95E1A32B2A0B6200471721 /* UIKitWeatherApp */ = {
			isa = PBXNativeTarget;
			buildConfigurationList = 6A95E1B82B2A0B6400471721 /* Build configuration list for PBXNativeTarget "UIKitWeatherApp" */;
			buildPhases = (
				6A95E1A02B2A0B6200471721 /* Sources */,
				6A95E1A12B2A0B6200471721 /* Frameworks */,
				6A95E1A22B2A0B6200471721 /* Resources */,
			);
			buildRules = (
			);
			dependencies = (
			);
			name = UIKitWeatherApp;
			packageProductDependencies = (
				6A95E1BF2B2A156400471721 /* SwiftyJSON */,
				6A95E1C22B2A15B700471721 /* Alamofire */,
			);
			productName = UIKitWeatherApp;
			productReference = 6A95E1A42B2A0B6200471721 /* UIKitWeatherApp.app */;
			productType = "com.apple.product-type.application";
		};
/* End PBXNativeTarget section */

/* Begin PBXProject section */
		6A95E19C2B2A0B6200471721 /* Project object */ = {
			isa = PBXProject;
			attributes = {
				BuildIndependentTargetsInParallel = 1;
				LastSwiftUpdateCheck = 1510;
				LastUpgradeCheck = 1510;
				TargetAttributes = {
					6A95E1A32B2A0B6200471721 = {
						CreatedOnToolsVersion = 15.1;
					};
				};
			};
			buildConfigurationList = 6A95E19F2B2A0B6200471721 /* Build configuration list for PBXProject "UIKitWeatherApp" */;
			compatibilityVersion = "Xcode 14.0";
			developmentRegion = en;
			hasScannedForEncodings = 0;
			knownRegions = (
				en,
				Base,
			);
			mainGroup = 6A95E19B2B2A0B6200471721;
			packageReferences = (
				6A95E1BE2B2A156400471721 /* XCRemoteSwiftPackageReference "SwiftyJSON" */,
				6A95E1C12B2A15B700471721 /* XCRemoteSwiftPackageReference "Alamofire" */,
			);
			productRefGroup = 6A95E1A52B2A0B6200471721 /* Products */;
			projectDirPath = "";
			projectRoot = "";
			targets = (
				6A95E1A32B2A0B6200471721 /* UIKitWeatherApp */,
			);
		};
/* End PBXProject section */

/* Begin PBXResourcesBuildPhase section */
		6A95E1A22B2A0B6200471721 /* Resources */ = {
			isa = PBXResourcesBuildPhase;
			buildActionMask = 2147483647;
			files = (
				6A95E1B42B2A0B6400471721 /* LaunchScreen.storyboard in Resources */,
				6A95E1B12B2A0B6400471721 /* Assets.xcassets in Resources */,
				6A95E1AF2B2A0B6200471721 /* Main.storyboard in Resources */,
				6A450BCB2B39A75900539568 /* WeatherView.xib in Resources */,
			);
			runOnlyForDeploymentPostprocessing = 0;
		};
/* End PBXResourcesBuildPhase section */

/* Begin PBXSourcesBuildPhase section */
		6A95E1A02B2A0B6200471721 /* Sources */ = {
			isa = PBXSourcesBuildPhase;
			buildActionMask = 2147483647;
			files = (
				6A95E1AC2B2A0B6200471721 /* ViewController.swift in Sources */,
				6A450BC42B3998CE00539568 /* WeatherViewController.swift in Sources */,
				6A95E1A82B2A0B6200471721 /* AppDelegate.swift in Sources */,
				6A95E1BD2B2A146100471721 /* CurrentWeather.swift in Sources */,
				6A95E1AA2B2A0B6200471721 /* SceneDelegate.swift in Sources */,
				6A450BC92B39A73700539568 /* WeatherView.swift in Sources */,
				6AF5EDD12B31CE7000D23E14 /* WeatherData.swift in Sources */,
			);
			runOnlyForDeploymentPostprocessing = 0;
		};
/* End PBXSourcesBuildPhase section */

/* Begin PBXVariantGroup section */
		6A95E1AD2B2A0B6200471721 /* Main.storyboard */ = {
			isa = PBXVariantGroup;
			children = (
				6A95E1AE2B2A0B6200471721 /* Base */,
			);
			name = Main.storyboard;
			sourceTree = "<group>";
		};
		6A95E1B22B2A0B6400471721 /* LaunchScreen.storyboard */ = {
			isa = PBXVariantGroup;
			children = (
				6A95E1B32B2A0B6400471721 /* Base */,
			);
			name = LaunchScreen.storyboard;
			sourceTree = "<group>";
		};
/* End PBXVariantGroup section */

/* Begin XCBuildConfiguration section */
		6A95E1B62B2A0B6400471721 /* Debug */ = {
			isa = XCBuildConfiguration;
			buildSettings = {
				ALWAYS_SEARCH_USER_PATHS = NO;
				ASSETCATALOG_COMPILER_GENERATE_SWIFT_ASSET_SYMBOL_EXTENSIONS = YES;
				CLANG_ANALYZER_NONNULL = YES;
				CLANG_ANALYZER_NUMBER_OBJECT_CONVERSION = YES_AGGRESSIVE;
				CLANG_CXX_LANGUAGE_STANDARD = "gnu++20";
				CLANG_ENABLE_MODULES = YES;
				CLANG_ENABLE_OBJC_ARC = YES;
				CLANG_ENABLE_OBJC_WEAK = YES;
				CLANG_WARN_BLOCK_CAPTURE_AUTORELEASING = YES;
				CLANG_WARN_BOOL_CONVERSION = YES;
				CLANG_WARN_COMMA = YES;
				CLANG_WARN_CONSTANT_CONVERSION = YES;
				CLANG_WARN_DEPRECATED_OBJC_IMPLEMENTATIONS = YES;
				CLANG_WARN_DIRECT_OBJC_ISA_USAGE = YES_ERROR;
				CLANG_WARN_DOCUMENTATION_COMMENTS = YES;
				CLANG_WARN_EMPTY_BODY = YES;
				CLANG_WARN_ENUM_CONVERSION = YES;
				CLANG_WARN_INFINITE_RECURSION = YES;
				CLANG_WARN_INT_CONVERSION = YES;
				CLANG_WARN_NON_LITERAL_NULL_CONVERSION = YES;
				CLANG_WARN_OBJC_IMPLICIT_RETAIN_SELF = YES;
				CLANG_WARN_OBJC_LITERAL_CONVERSION = YES;
				CLANG_WARN_OBJC_ROOT_CLASS = YES_ERROR;
				CLANG_WARN_QUOTED_INCLUDE_IN_FRAMEWORK_HEADER = YES;
				CLANG_WARN_RANGE_LOOP_ANALYSIS = YES;
				CLANG_WARN_STRICT_PROTOTYPES = YES;
				CLANG_WARN_SUSPICIOUS_MOVE = YES;
				CLANG_WARN_UNGUARDED_AVAILABILITY = YES_AGGRESSIVE;
				CLANG_WARN_UNREACHABLE_CODE = YES;
				CLANG_WARN__DUPLICATE_METHOD_MATCH = YES;
				COPY_PHASE_STRIP = NO;
				DEBUG_INFORMATION_FORMAT = dwarf;
				ENABLE_STRICT_OBJC_MSGSEND = YES;
				ENABLE_TESTABILITY = YES;
				ENABLE_USER_SCRIPT_SANDBOXING = YES;
				GCC_C_LANGUAGE_STANDARD = gnu17;
				GCC_DYNAMIC_NO_PIC = NO;
				GCC_NO_COMMON_BLOCKS = YES;
				GCC_OPTIMIZATION_LEVEL = 0;
				GCC_PREPROCESSOR_DEFINITIONS = (
					"DEBUG=1",
					"$(inherited)",
				);
				GCC_WARN_64_TO_32_BIT_CONVERSION = YES;
				GCC_WARN_ABOUT_RETURN_TYPE = YES_ERROR;
				GCC_WARN_UNDECLARED_SELECTOR = YES;
				GCC_WARN_UNINITIALIZED_AUTOS = YES_AGGRESSIVE;
				GCC_WARN_UNUSED_FUNCTION = YES;
				GCC_WARN_UNUSED_VARIABLE = YES;
				IPHONEOS_DEPLOYMENT_TARGET = 17.2;
				LOCALIZATION_PREFERS_STRING_CATALOGS = YES;
				MTL_ENABLE_DEBUG_INFO = INCLUDE_SOURCE;
				MTL_FAST_MATH = YES;
				ONLY_ACTIVE_ARCH = YES;
				SDKROOT = iphoneos;
				SWIFT_ACTIVE_COMPILATION_CONDITIONS = "DEBUG $(inherited)";
				SWIFT_OPTIMIZATION_LEVEL = "-Onone";
			};
			name = Debug;
		};
		6A95E1B72B2A0B6400471721 /* Release */ = {
			isa = XCBuildConfiguration;
			buildSettings = {
				ALWAYS_SEARCH_USER_PATHS = NO;
				ASSETCATALOG_COMPILER_GENERATE_SWIFT_ASSET_SYMBOL_EXTENSIONS = YES;
				CLANG_ANALYZER_NONNULL = YES;
				CLANG_ANALYZER_NUMBER_OBJECT_CONVERSION = YES_AGGRESSIVE;
				CLANG_CXX_LANGUAGE_STANDARD = "gnu++20";
				CLANG_ENABLE_MODULES = YES;
				CLANG_ENABLE_OBJC_ARC = YES;
				CLANG_ENABLE_OBJC_WEAK = YES;
				CLANG_WARN_BLOCK_CAPTURE_AUTORELEASING = YES;
				CLANG_WARN_BOOL_CONVERSION = YES;
				CLANG_WARN_COMMA = YES;
				CLANG_WARN_CONSTANT_CONVERSION = YES;
				CLANG_WARN_DEPRECATED_OBJC_IMPLEMENTATIONS = YES;
				CLANG_WARN_DIRECT_OBJC_ISA_USAGE = YES_ERROR;
				CLANG_WARN_DOCUMENTATION_COMMENTS = YES;
				CLANG_WARN_EMPTY_BODY = YES;
				CLANG_WARN_ENUM_CONVERSION = YES;
				CLANG_WARN_INFINITE_RECURSION = YES;
				CLANG_WARN_INT_CONVERSION = YES;
				CLANG_WARN_NON_LITERAL_NULL_CONVERSION = YES;
				CLANG_WARN_OBJC_IMPLICIT_RETAIN_SELF = YES;
				CLANG_WARN_OBJC_LITERAL_CONVERSION = YES;
				CLANG_WARN_OBJC_ROOT_CLASS = YES_ERROR;
				CLANG_WARN_QUOTED_INCLUDE_IN_FRAMEWORK_HEADER = YES;
				CLANG_WARN_RANGE_LOOP_ANALYSIS = YES;
				CLANG_WARN_STRICT_PROTOTYPES = YES;
				CLANG_WARN_SUSPICIOUS_MOVE = YES;
				CLANG_WARN_UNGUARDED_AVAILABILITY = YES_AGGRESSIVE;
				CLANG_WARN_UNREACHABLE_CODE = YES;
				CLANG_WARN__DUPLICATE_METHOD_MATCH = YES;
				COPY_PHASE_STRIP = NO;
				DEBUG_INFORMATION_FORMAT = "dwarf-with-dsym";
				ENABLE_NS_ASSERTIONS = NO;
				ENABLE_STRICT_OBJC_MSGSEND = YES;
				ENABLE_USER_SCRIPT_SANDBOXING = YES;
				GCC_C_LANGUAGE_STANDARD = gnu17;
				GCC_NO_COMMON_BLOCKS = YES;
				GCC_WARN_64_TO_32_BIT_CONVERSION = YES;
				GCC_WARN_ABOUT_RETURN_TYPE = YES_ERROR;
				GCC_WARN_UNDECLARED_SELECTOR = YES;
				GCC_WARN_UNINITIALIZED_AUTOS = YES_AGGRESSIVE;
				GCC_WARN_UNUSED_FUNCTION = YES;
				GCC_WARN_UNUSED_VARIABLE = YES;
				IPHONEOS_DEPLOYMENT_TARGET = 17.2;
				LOCALIZATION_PREFERS_STRING_CATALOGS = YES;
				MTL_ENABLE_DEBUG_INFO = NO;
				MTL_FAST_MATH = YES;
				SDKROOT = iphoneos;
				SWIFT_COMPILATION_MODE = wholemodule;
				VALIDATE_PRODUCT = YES;
			};
			name = Release;
		};
		6A95E1B92B2A0B6400471721 /* Debug */ = {
			isa = XCBuildConfiguration;
			buildSettings = {
				ASSETCATALOG_COMPILER_APPICON_NAME = AppIcon;
				ASSETCATALOG_COMPILER_GLOBAL_ACCENT_COLOR_NAME = AccentColor;
				CODE_SIGN_STYLE = Automatic;
				CURRENT_PROJECT_VERSION = 1;
				DEVELOPMENT_TEAM = 597Z5W4L5N;
				GENERATE_INFOPLIST_FILE = YES;
				INFOPLIST_FILE = UIKitWeatherApp/Info.plist;
				INFOPLIST_KEY_UIApplicationSupportsIndirectInputEvents = YES;
				INFOPLIST_KEY_UILaunchStoryboardName = LaunchScreen;
				INFOPLIST_KEY_UIMainStoryboardFile = Main;
				INFOPLIST_KEY_UISupportedInterfaceOrientations_iPad = "UIInterfaceOrientationPortrait UIInterfaceOrientationPortraitUpsideDown UIInterfaceOrientationLandscapeLeft UIInterfaceOrientationLandscapeRight";
				INFOPLIST_KEY_UISupportedInterfaceOrientations_iPhone = "UIInterfaceOrientationPortrait UIInterfaceOrientationLandscapeLeft UIInterfaceOrientationLandscapeRight";
				LD_RUNPATH_SEARCH_PATHS = (
					"$(inherited)",
					"@executable_path/Frameworks",
				);
				MARKETING_VERSION = 1.0;
				PRODUCT_BUNDLE_IDENTIFIER = com.zulfuakgunes.UIKitWeatherApp;
				PRODUCT_NAME = "$(TARGET_NAME)";
				SWIFT_EMIT_LOC_STRINGS = YES;
				SWIFT_VERSION = 5.0;
				TARGETED_DEVICE_FAMILY = "1,2";
			};
			name = Debug;
		};
		6A95E1BA2B2A0B6400471721 /* Release */ = {
			isa = XCBuildConfiguration;
			buildSettings = {
				ASSETCATALOG_COMPILER_APPICON_NAME = AppIcon;
				ASSETCATALOG_COMPILER_GLOBAL_ACCENT_COLOR_NAME = AccentColor;
				CODE_SIGN_STYLE = Automatic;
				CURRENT_PROJECT_VERSION = 1;
				DEVELOPMENT_TEAM = 597Z5W4L5N;
				GENERATE_INFOPLIST_FILE = YES;
				INFOPLIST_FILE = UIKitWeatherApp/Info.plist;
				INFOPLIST_KEY_UIApplicationSupportsIndirectInputEvents = YES;
				INFOPLIST_KEY_UILaunchStoryboardName = LaunchScreen;
				INFOPLIST_KEY_UIMainStoryboardFile = Main;
				INFOPLIST_KEY_UISupportedInterfaceOrientations_iPad = "UIInterfaceOrientationPortrait UIInterfaceOrientationPortraitUpsideDown UIInterfaceOrientationLandscapeLeft UIInterfaceOrientationLandscapeRight";
				INFOPLIST_KEY_UISupportedInterfaceOrientations_iPhone = "UIInterfaceOrientationPortrait UIInterfaceOrientationLandscapeLeft UIInterfaceOrientationLandscapeRight";
				LD_RUNPATH_SEARCH_PATHS = (
					"$(inherited)",
					"@executable_path/Frameworks",
				);
				MARKETING_VERSION = 1.0;
				PRODUCT_BUNDLE_IDENTIFIER = com.zulfuakgunes.UIKitWeatherApp;
				PRODUCT_NAME = "$(TARGET_NAME)";
				SWIFT_EMIT_LOC_STRINGS = YES;
				SWIFT_VERSION = 5.0;
				TARGETED_DEVICE_FAMILY = "1,2";
			};
			name = Release;
		};
/* End XCBuildConfiguration section */

/* Begin XCConfigurationList section */
		6A95E19F2B2A0B6200471721 /* Build configuration list for PBXProject "UIKitWeatherApp" */ = {
			isa = XCConfigurationList;
			buildConfigurations = (
				6A95E1B62B2A0B6400471721 /* Debug */,
				6A95E1B72B2A0B6400471721 /* Release */,
			);
			defaultConfigurationIsVisible = 0;
			defaultConfigurationName = Release;
		};
		6A95E1B82B2A0B6400471721 /* Build configuration list for PBXNativeTarget "UIKitWeatherApp" */ = {
			isa = XCConfigurationList;
			buildConfigurations = (
				6A95E1B92B2A0B6400471721 /* Debug */,
				6A95E1BA2B2A0B6400471721 /* Release */,
			);
			defaultConfigurationIsVisible = 0;
			defaultConfigurationName = Release;
		};
/* End XCConfigurationList section */

/* Begin XCRemoteSwiftPackageReference section */
		6A95E1BE2B2A156400471721 /* XCRemoteSwiftPackageReference "SwiftyJSON" */ = {
			isa = XCRemoteSwiftPackageReference;
			repositoryURL = "https://github.com/SwiftyJSON/SwiftyJSON";
			requirement = {
				kind = upToNextMajorVersion;
				minimumVersion = 5.0.1;
			};
		};
		6A95E1C12B2A15B700471721 /* XCRemoteSwiftPackageReference "Alamofire" */ = {
			isa = XCRemoteSwiftPackageReference;
			repositoryURL = "https://github.com/Alamofire/Alamofire";
			requirement = {
				kind = upToNextMajorVersion;
				minimumVersion = 5.8.1;
			};
		};
/* End XCRemoteSwiftPackageReference section */

/* Begin XCSwiftPackageProductDependency section */
		6A95E1BF2B2A156400471721 /* SwiftyJSON */ = {
			isa = XCSwiftPackageProductDependency;
			package = 6A95E1BE2B2A156400471721 /* XCRemoteSwiftPackageReference "SwiftyJSON" */;
			productName = SwiftyJSON;
		};
		6A95E1C22B2A15B700471721 /* Alamofire */ = {
			isa = XCSwiftPackageProductDependency;
			package = 6A95E1C12B2A15B700471721 /* XCRemoteSwiftPackageReference "Alamofire" */;
			productName = Alamofire;
		};
/* End XCSwiftPackageProductDependency section */
	};
	rootObject = 6A95E19C2B2A0B6200471721 /* Project object */;
}
